
Microsoft Visual Studio Solution File, Format Version 12.00
# Visual Studio Version 17
VisualStudioVersion = 17.0.31903.59
MinimumVisualStudioVersion = 10.0.40219.1
Project("{FAE04EC0-301F-11D3-BF4B-00C04F79EFBC}") = "BlazorGame.Client", "BlazorGame.Client\BlazorGame.Client.csproj", "{C7B76ABF-F2AD-46F6-BF62-A440530B1501}"
EndProject
Project("{FAE04EC0-301F-11D3-BF4B-00C04F79EFBC}") = "AuthenticationServices", "AuthenticationServices\AuthenticationServices.csproj", "{64113846-D1EA-404F-BE6F-42207270DF4F}"
EndProject
Project("{FAE04EC0-301F-11D3-BF4B-00C04F79EFBC}") = "Models", "Models\Models.csproj", "{A2B28750-522A-4EA3-91F7-1CAE50F9EB42}"
EndProject
Project("{FAE04EC0-301F-11D3-BF4B-00C04F79EFBC}") = "BlazorGame.Tests", "BlazorGame.Tests\BlazorGame.Tests.csproj", "{84965A5B-EB9D-442E-BEBB-11900510E3FB}"
EndProject
Global
	GlobalSection(SolutionConfigurationPlatforms) = preSolution
		Debug|Any CPU = Debug|Any CPU
		Debug|x64 = Debug|x64
		Debug|x86 = Debug|x86
		Release|Any CPU = Release|Any CPU
		Release|x64 = Release|x64
		Release|x86 = Release|x86
	EndGlobalSection
	GlobalSection(ProjectConfigurationPlatforms) = postSolution
		{C7B76ABF-F2AD-46F6-BF62-A440530B1501}.Debug|Any CPU.ActiveCfg = Debug|Any CPU
		{C7B76ABF-F2AD-46F6-BF62-A440530B1501}.Debug|Any CPU.Build.0 = Debug|Any CPU
		{C7B76ABF-F2AD-46F6-BF62-A440530B1501}.Debug|x64.ActiveCfg = Debug|Any CPU
		{C7B76ABF-F2AD-46F6-BF62-A440530B1501}.Debug|x64.Build.0 = Debug|Any CPU
		{C7B76ABF-F2AD-46F6-BF62-A440530B1501}.Debug|x86.ActiveCfg = Debug|Any CPU
		{C7B76ABF-F2AD-46F6-BF62-A440530B1501}.Debug|x86.Build.0 = Debug|Any CPU
		{C7B76ABF-F2AD-46F6-BF62-A440530B1501}.Release|Any CPU.ActiveCfg = Release|Any CPU
		{C7B76ABF-F2AD-46F6-BF62-A440530B1501}.Release|Any CPU.Build.0 = Release|Any CPU
		{C7B76ABF-F2AD-46F6-BF62-A440530B1501}.Release|x64.ActiveCfg = Release|Any CPU
		{C7B76ABF-F2AD-46F6-BF62-A440530B1501}.Release|x64.Build.0 = Release|Any CPU
		{C7B76ABF-F2AD-46F6-BF62-A440530B1501}.Release|x86.ActiveCfg = Release|Any CPU
		{C7B76ABF-F2AD-46F6-BF62-A440530B1501}.Release|x86.Build.0 = Release|Any CPU
		{64113846-D1EA-404F-BE6F-42207270DF4F}.Debug|Any CPU.ActiveCfg = Debug|Any CPU
		{64113846-D1EA-404F-BE6F-42207270DF4F}.Debug|Any CPU.Build.0 = Debug|Any CPU
		{64113846-D1EA-404F-BE6F-42207270DF4F}.Debug|x64.ActiveCfg = Debug|Any CPU
		{64113846-D1EA-404F-BE6F-42207270DF4F}.Debug|x64.Build.0 = Debug|Any CPU
		{64113846-D1EA-404F-BE6F-42207270DF4F}.Debug|x86.ActiveCfg = Debug|Any CPU
		{64113846-D1EA-404F-BE6F-42207270DF4F}.Debug|x86.Build.0 = Debug|Any CPU
		{64113846-D1EA-404F-BE6F-42207270DF4F}.Release|Any CPU.ActiveCfg = Release|Any CPU
		{64113846-D1EA-404F-BE6F-42207270DF4F}.Release|Any CPU.Build.0 = Release|Any CPU
		{64113846-D1EA-404F-BE6F-42207270DF4F}.Release|x64.ActiveCfg = Release|Any CPU
		{64113846-D1EA-404F-BE6F-42207270DF4F}.Release|x64.Build.0 = Release|Any CPU
		{64113846-D1EA-404F-BE6F-42207270DF4F}.Release|x86.ActiveCfg = Release|Any CPU
		{64113846-D1EA-404F-BE6F-42207270DF4F}.Release|x86.Build.0 = Release|Any CPU
		{A2B28750-522A-4EA3-91F7-1CAE50F9EB42}.Debug|Any CPU.ActiveCfg = Debug|Any CPU
		{A2B28750-522A-4EA3-91F7-1CAE50F9EB42}.Debug|Any CPU.Build.0 = Debug|Any CPU
		{A2B28750-522A-4EA3-91F7-1CAE50F9EB42}.Debug|x64.ActiveCfg = Debug|Any CPU
		{A2B28750-522A-4EA3-91F7-1CAE50F9EB42}.Debug|x64.Build.0 = Debug|Any CPU
		{A2B28750-522A-4EA3-91F7-1CAE50F9EB42}.Debug|x86.ActiveCfg = Debug|Any CPU
		{A2B28750-522A-4EA3-91F7-1CAE50F9EB42}.Debug|x86.Build.0 = Debug|Any CPU
		{A2B28750-522A-4EA3-91F7-1CAE50F9EB42}.Release|Any CPU.ActiveCfg = Release|Any CPU
		{A2B28750-522A-4EA3-91F7-1CAE50F9EB42}.Release|Any CPU.Build.0 = Release|Any CPU
		{A2B28750-522A-4EA3-91F7-1CAE50F9EB42}.Release|x64.ActiveCfg = Release|Any CPU
		{A2B28750-522A-4EA3-91F7-1CAE50F9EB42}.Release|x64.Build.0 = Release|Any CPU
		{A2B28750-522A-4EA3-91F7-1CAE50F9EB42}.Release|x86.ActiveCfg = Release|Any CPU
		{A2B28750-522A-4EA3-91F7-1CAE50F9EB42}.Release|x86.Build.0 = Release|Any CPU
		{84965A5B-EB9D-442E-BEBB-11900510E3FB}.Debug|Any CPU.ActiveCfg = Debug|Any CPU
		{84965A5B-EB9D-442E-BEBB-11900510E3FB}.Debug|Any CPU.Build.0 = Debug|Any CPU
		{84965A5B-EB9D-442E-BEBB-11900510E3FB}.Debug|x64.ActiveCfg = Debug|Any CPU
		{84965A5B-EB9D-442E-BEBB-11900510E3FB}.Debug|x64.Build.0 = Debug|Any CPU
		{84965A5B-EB9D-442E-BEBB-11900510E3FB}.Debug|x86.ActiveCfg = Debug|Any CPU
		{84965A5B-EB9D-442E-BEBB-11900510E3FB}.Debug|x86.Build.0 = Debug|Any CPU
		{84965A5B-EB9D-442E-BEBB-11900510E3FB}.Release|Any CPU.ActiveCfg = Release|Any CPU
		{84965A5B-EB9D-442E-BEBB-11900510E3FB}.Release|Any CPU.Build.0 = Release|Any CPU
		{84965A5B-EB9D-442E-BEBB-11900510E3FB}.Release|x64.ActiveCfg = Release|Any CPU
		{84965A5B-EB9D-442E-BEBB-11900510E3FB}.Release|x64.Build.0 = Release|Any CPU
		{84965A5B-EB9D-442E-BEBB-11900510E3FB}.Release|x86.ActiveCfg = Release|Any CPU
		{84965A5B-EB9D-442E-BEBB-11900510E3FB}.Release|x86.Build.0 = Release|Any CPU
	EndGlobalSection
	GlobalSection(SolutionProperties) = preSolution
		HideSolutionNode = FALSE
	EndGlobalSection
EndGlobal
