
Microsoft Visual Studio Solution File, Format Version 12.00
# Visual Studio Version 17
VisualStudioVersion = 17.0.31903.59
MinimumVisualStudioVersion = 10.0.40219.1
Project("{FAE04EC0-301F-11D3-BF4B-00C04F79EFBC}") = "BlazorGame.Client", "BlazorGame.Client\BlazorGame.Client.csproj", "{C7B76ABF-F2AD-46F6-BF62-A440530B1501}"
EndProject
Project("{FAE04EC0-301F-11D3-BF4B-00C04F79EFBC}") = "BlazorGame.Tests", "BlazorGame.Tests\BlazorGame.Tests.csproj", "{84965A5B-EB9D-442E-BEBB-11900510E3FB}"
EndProject
Project("{FAE04EC0-301F-11D3-BF4B-00C04F79EFBC}") = "BlazorGame.Api", "BlazorGame.Api\BlazorGame.Api.csproj", "{C49FAFB0-E236-404E-8937-643EEA45D5AF}"
EndProject
Project("{FAE04EC0-301F-11D3-BF4B-00C04F79EFBC}") = "BlazorGame.Domain", "BlazorGame.Domain\BlazorGame.Domain.csproj", "{1193B330-09C8-44AA-BC25-7A47B1C19EB6}"
EndProject
Project("{FAE04EC0-301F-11D3-BF4B-00C04F79EFBC}") = "BlazorGame.Gateway", "BlazorGame.Gateway\BlazorGame.Gateway.csproj", "{E871FB73-4898-44A3-B22C-83AA39AD88D8}"
EndProject
Global
	GlobalSection(SolutionConfigurationPlatforms) = preSolution
		Debug|Any CPU = Debug|Any CPU
		Debug|x64 = Debug|x64
		Debug|x86 = Debug|x86
		Release|Any CPU = Release|Any CPU
		Release|x64 = Release|x64
		Release|x86 = Release|x86
	EndGlobalSection
	GlobalSection(ProjectConfigurationPlatforms) = postSolution
		{C7B76ABF-F2AD-46F6-BF62-A440530B1501}.Debug|Any CPU.ActiveCfg = Debug|Any CPU
		{C7B76ABF-F2AD-46F6-BF62-A440530B1501}.Debug|Any CPU.Build.0 = Debug|Any CPU
		{C7B76ABF-F2AD-46F6-BF62-A440530B1501}.Debug|x64.ActiveCfg = Debug|Any CPU
		{C7B76ABF-F2AD-46F6-BF62-A440530B1501}.Debug|x64.Build.0 = Debug|Any CPU
		{C7B76ABF-F2AD-46F6-BF62-A440530B1501}.Debug|x86.ActiveCfg = Debug|Any CPU
		{C7B76ABF-F2AD-46F6-BF62-A440530B1501}.Debug|x86.Build.0 = Debug|Any CPU
		{C7B76ABF-F2AD-46F6-BF62-A440530B1501}.Release|Any CPU.ActiveCfg = Release|Any CPU
		{C7B76ABF-F2AD-46F6-BF62-A440530B1501}.Release|Any CPU.Build.0 = Release|Any CPU
		{C7B76ABF-F2AD-46F6-BF62-A440530B1501}.Release|x64.ActiveCfg = Release|Any CPU
		{C7B76ABF-F2AD-46F6-BF62-A440530B1501}.Release|x64.Build.0 = Release|Any CPU
		{C7B76ABF-F2AD-46F6-BF62-A440530B1501}.Release|x86.ActiveCfg = Release|Any CPU
		{C7B76ABF-F2AD-46F6-BF62-A440530B1501}.Release|x86.Build.0 = Release|Any CPU
		{84965A5B-EB9D-442E-BEBB-11900510E3FB}.Debug|Any CPU.ActiveCfg = Debug|Any CPU
		{84965A5B-EB9D-442E-BEBB-11900510E3FB}.Debug|Any CPU.Build.0 = Debug|Any CPU
		{84965A5B-EB9D-442E-BEBB-11900510E3FB}.Debug|x64.ActiveCfg = Debug|Any CPU
		{84965A5B-EB9D-442E-BEBB-11900510E3FB}.Debug|x64.Build.0 = Debug|Any CPU
		{84965A5B-EB9D-442E-BEBB-11900510E3FB}.Debug|x86.ActiveCfg = Debug|Any CPU
		{84965A5B-EB9D-442E-BEBB-11900510E3FB}.Debug|x86.Build.0 = Debug|Any CPU
		{84965A5B-EB9D-442E-BEBB-11900510E3FB}.Release|Any CPU.ActiveCfg = Release|Any CPU
		{84965A5B-EB9D-442E-BEBB-11900510E3FB}.Release|Any CPU.Build.0 = Release|Any CPU
		{84965A5B-EB9D-442E-BEBB-11900510E3FB}.Release|x64.ActiveCfg = Release|Any CPU
		{84965A5B-EB9D-442E-BEBB-11900510E3FB}.Release|x64.Build.0 = Release|Any CPU
		{84965A5B-EB9D-442E-BEBB-11900510E3FB}.Release|x86.ActiveCfg = Release|Any CPU
		{84965A5B-EB9D-442E-BEBB-11900510E3FB}.Release|x86.Build.0 = Release|Any CPU
		{C49FAFB0-E236-404E-8937-643EEA45D5AF}.Debug|Any CPU.ActiveCfg = Debug|Any CPU
		{C49FAFB0-E236-404E-8937-643EEA45D5AF}.Debug|Any CPU.Build.0 = Debug|Any CPU
		{C49FAFB0-E236-404E-8937-643EEA45D5AF}.Debug|x64.ActiveCfg = Debug|Any CPU
		{C49FAFB0-E236-404E-8937-643EEA45D5AF}.Debug|x64.Build.0 = Debug|Any CPU
		{C49FAFB0-E236-404E-8937-643EEA45D5AF}.Debug|x86.ActiveCfg = Debug|Any CPU
		{C49FAFB0-E236-404E-8937-643EEA45D5AF}.Debug|x86.Build.0 = Debug|Any CPU
		{C49FAFB0-E236-404E-8937-643EEA45D5AF}.Release|Any CPU.ActiveCfg = Release|Any CPU
		{C49FAFB0-E236-404E-8937-643EEA45D5AF}.Release|Any CPU.Build.0 = Release|Any CPU
		{C49FAFB0-E236-404E-8937-643EEA45D5AF}.Release|x64.ActiveCfg = Release|Any CPU
		{C49FAFB0-E236-404E-8937-643EEA45D5AF}.Release|x64.Build.0 = Release|Any CPU
		{C49FAFB0-E236-404E-8937-643EEA45D5AF}.Release|x86.ActiveCfg = Release|Any CPU
		{C49FAFB0-E236-404E-8937-643EEA45D5AF}.Release|x86.Build.0 = Release|Any CPU
		{1193B330-09C8-44AA-BC25-7A47B1C19EB6}.Debug|Any CPU.ActiveCfg = Debug|Any CPU
		{1193B330-09C8-44AA-BC25-7A47B1C19EB6}.Debug|Any CPU.Build.0 = Debug|Any CPU
		{1193B330-09C8-44AA-BC25-7A47B1C19EB6}.Debug|x64.ActiveCfg = Debug|Any CPU
		{1193B330-09C8-44AA-BC25-7A47B1C19EB6}.Debug|x64.Build.0 = Debug|Any CPU
		{1193B330-09C8-44AA-BC25-7A47B1C19EB6}.Debug|x86.ActiveCfg = Debug|Any CPU
		{1193B330-09C8-44AA-BC25-7A47B1C19EB6}.Debug|x86.Build.0 = Debug|Any CPU
		{1193B330-09C8-44AA-BC25-7A47B1C19EB6}.Release|Any CPU.ActiveCfg = Release|Any CPU
		{1193B330-09C8-44AA-BC25-7A47B1C19EB6}.Release|Any CPU.Build.0 = Release|Any CPU
		{1193B330-09C8-44AA-BC25-7A47B1C19EB6}.Release|x64.ActiveCfg = Release|Any CPU
		{1193B330-09C8-44AA-BC25-7A47B1C19EB6}.Release|x64.Build.0 = Release|Any CPU
		{1193B330-09C8-44AA-BC25-7A47B1C19EB6}.Release|x86.ActiveCfg = Release|Any CPU
		{1193B330-09C8-44AA-BC25-7A47B1C19EB6}.Release|x86.Build.0 = Release|Any CPU
		{E871FB73-4898-44A3-B22C-83AA39AD88D8}.Debug|Any CPU.ActiveCfg = Debug|Any CPU
		{E871FB73-4898-44A3-B22C-83AA39AD88D8}.Debug|Any CPU.Build.0 = Debug|Any CPU
		{E871FB73-4898-44A3-B22C-83AA39AD88D8}.Debug|x64.ActiveCfg = Debug|Any CPU
		{E871FB73-4898-44A3-B22C-83AA39AD88D8}.Debug|x64.Build.0 = Debug|Any CPU
		{E871FB73-4898-44A3-B22C-83AA39AD88D8}.Debug|x86.ActiveCfg = Debug|Any CPU
		{E871FB73-4898-44A3-B22C-83AA39AD88D8}.Debug|x86.Build.0 = Debug|Any CPU
		{E871FB73-4898-44A3-B22C-83AA39AD88D8}.Release|Any CPU.ActiveCfg = Release|Any CPU
		{E871FB73-4898-44A3-B22C-83AA39AD88D8}.Release|Any CPU.Build.0 = Release|Any CPU
		{E871FB73-4898-44A3-B22C-83AA39AD88D8}.Release|x64.ActiveCfg = Release|Any CPU
		{E871FB73-4898-44A3-B22C-83AA39AD88D8}.Release|x64.Build.0 = Release|Any CPU
		{E871FB73-4898-44A3-B22C-83AA39AD88D8}.Release|x86.ActiveCfg = Release|Any CPU
		{E871FB73-4898-44A3-B22C-83AA39AD88D8}.Release|x86.Build.0 = Release|Any CPU
	EndGlobalSection
	GlobalSection(SolutionProperties) = preSolution
		HideSolutionNode = FALSE
	EndGlobalSection
EndGlobal
